
Microsoft Visual Studio Solution File, Format Version 12.00
# Visual Studio Version 17
VisualStudioVersion = 17.0.31912.275
MinimumVisualStudioVersion = 10.0.40219.1
Project("{9A19103F-16F7-4668-BE54-9A1E7A4F7556}") = "aspnetcore-n-tier.API", "aspnetcore-n-tier.API\aspnetcore-n-tier.API.csproj", "{47BCBDD6-6B10-48F0-A288-C83C882A86AB}"
EndProject
Project("{9A19103F-16F7-4668-BE54-9A1E7A4F7556}") = "aspnetcore-n-tier.DAL", "aspnetcore-n-tier.DAL\aspnetcore-n-tier.DAL.csproj", "{34F31773-29F6-490F-BF6B-6F0B289102AD}"
EndProject
Project("{9A19103F-16F7-4668-BE54-9A1E7A4F7556}") = "aspnetcore-n-tier.BLL", "aspnetcore-n-tier.BLL\aspnetcore-n-tier.BLL.csproj", "{17F9712C-EA03-4936-A0F3-E2E03E88E383}"
EndProject
Project("{9A19103F-16F7-4668-BE54-9A1E7A4F7556}") = "aspnetcore-n-tier.Entity", "aspnetcore-n-tier.Entity\aspnetcore-n-tier.Entity.csproj", "{90B38B3A-D089-43C0-BBDB-AE5794043982}"
EndProject
Project("{9A19103F-16F7-4668-BE54-9A1E7A4F7556}") = "aspnetcore-n-tier.DTO", "aspnetcore-n-tier.DTO\aspnetcore-n-tier.DTO.csproj", "{8ED1D163-19E3-40E9-B7E7-23D04B587A4B}"
EndProject
Project("{9A19103F-16F7-4668-BE54-9A1E7A4F7556}") = "aspnetcore-n-tier.IoC", "aspnetcore-n-tier.IoC\aspnetcore-n-tier.IoC.csproj", "{5D711F13-25D3-40B9-9183-F16B9F4F7CDC}"
EndProject
Project("{9A19103F-16F7-4668-BE54-9A1E7A4F7556}") = "aspnetcore-n-tier.Utility", "aspnetcore-n-tier.Utility\aspnetcore-n-tier.Utility.csproj", "{DB3CB980-19A3-402E-9FE7-2762BEE83072}"
EndProject
Project("{FAE04EC0-301F-11D3-BF4B-00C04F79EFBC}") = "aspnetcore-n-tier.Test", "aspnetcore-n-tier.Test\aspnetcore-n-tier.Test.csproj", "{A8546A05-335B-48BE-AADA-629BC45A017D}"
EndProject
Global
	GlobalSection(SolutionConfigurationPlatforms) = preSolution
		Debug|Any CPU = Debug|Any CPU
		Release|Any CPU = Release|Any CPU
	EndGlobalSection
	GlobalSection(ProjectConfigurationPlatforms) = postSolution
		{47BCBDD6-6B10-48F0-A288-C83C882A86AB}.Debug|Any CPU.ActiveCfg = Debug|Any CPU
		{47BCBDD6-6B10-48F0-A288-C83C882A86AB}.Debug|Any CPU.Build.0 = Debug|Any CPU
		{47BCBDD6-6B10-48F0-A288-C83C882A86AB}.Release|Any CPU.ActiveCfg = Release|Any CPU
		{47BCBDD6-6B10-48F0-A288-C83C882A86AB}.Release|Any CPU.Build.0 = Release|Any CPU
		{34F31773-29F6-490F-BF6B-6F0B289102AD}.Debug|Any CPU.ActiveCfg = Debug|Any CPU
		{34F31773-29F6-490F-BF6B-6F0B289102AD}.Debug|Any CPU.Build.0 = Debug|Any CPU
		{34F31773-29F6-490F-BF6B-6F0B289102AD}.Release|Any CPU.ActiveCfg = Release|Any CPU
		{34F31773-29F6-490F-BF6B-6F0B289102AD}.Release|Any CPU.Build.0 = Release|Any CPU
		{17F9712C-EA03-4936-A0F3-E2E03E88E383}.Debug|Any CPU.ActiveCfg = Debug|Any CPU
		{17F9712C-EA03-4936-A0F3-E2E03E88E383}.Debug|Any CPU.Build.0 = Debug|Any CPU
		{17F9712C-EA03-4936-A0F3-E2E03E88E383}.Release|Any CPU.ActiveCfg = Release|Any CPU
		{17F9712C-EA03-4936-A0F3-E2E03E88E383}.Release|Any CPU.Build.0 = Release|Any CPU
		{90B38B3A-D089-43C0-BBDB-AE5794043982}.Debug|Any CPU.ActiveCfg = Debug|Any CPU
		{90B38B3A-D089-43C0-BBDB-AE5794043982}.Debug|Any CPU.Build.0 = Debug|Any CPU
		{90B38B3A-D089-43C0-BBDB-AE5794043982}.Release|Any CPU.ActiveCfg = Release|Any CPU
		{90B38B3A-D089-43C0-BBDB-AE5794043982}.Release|Any CPU.Build.0 = Release|Any CPU
		{8ED1D163-19E3-40E9-B7E7-23D04B587A4B}.Debug|Any CPU.ActiveCfg = Debug|Any CPU
		{8ED1D163-19E3-40E9-B7E7-23D04B587A4B}.Debug|Any CPU.Build.0 = Debug|Any CPU
		{8ED1D163-19E3-40E9-B7E7-23D04B587A4B}.Release|Any CPU.ActiveCfg = Release|Any CPU
		{8ED1D163-19E3-40E9-B7E7-23D04B587A4B}.Release|Any CPU.Build.0 = Release|Any CPU
		{5D711F13-25D3-40B9-9183-F16B9F4F7CDC}.Debug|Any CPU.ActiveCfg = Debug|Any CPU
		{5D711F13-25D3-40B9-9183-F16B9F4F7CDC}.Debug|Any CPU.Build.0 = Debug|Any CPU
		{5D711F13-25D3-40B9-9183-F16B9F4F7CDC}.Release|Any CPU.ActiveCfg = Release|Any CPU
		{5D711F13-25D3-40B9-9183-F16B9F4F7CDC}.Release|Any CPU.Build.0 = Release|Any CPU
		{DB3CB980-19A3-402E-9FE7-2762BEE83072}.Debug|Any CPU.ActiveCfg = Debug|Any CPU
		{DB3CB980-19A3-402E-9FE7-2762BEE83072}.Debug|Any CPU.Build.0 = Debug|Any CPU
		{DB3CB980-19A3-402E-9FE7-2762BEE83072}.Release|Any CPU.ActiveCfg = Release|Any CPU
		{DB3CB980-19A3-402E-9FE7-2762BEE83072}.Release|Any CPU.Build.0 = Release|Any CPU
		{A8546A05-335B-48BE-AADA-629BC45A017D}.Debug|Any CPU.ActiveCfg = Debug|Any CPU
		{A8546A05-335B-48BE-AADA-629BC45A017D}.Debug|Any CPU.Build.0 = Debug|Any CPU
		{A8546A05-335B-48BE-AADA-629BC45A017D}.Release|Any CPU.ActiveCfg = Release|Any CPU
		{A8546A05-335B-48BE-AADA-629BC45A017D}.Release|Any CPU.Build.0 = Release|Any CPU
	EndGlobalSection
	GlobalSection(SolutionProperties) = preSolution
		HideSolutionNode = FALSE
	EndGlobalSection
	GlobalSection(ExtensibilityGlobals) = postSolution
		SolutionGuid = {9E8C96F7-CD39-40B9-962A-307F56F6871D}
	EndGlobalSection
EndGlobal
